
Microsoft Visual Studio Solution File, Format Version 12.00
# Visual Studio 15
VisualStudioVersion = 15.0.27703.2000
MinimumVisualStudioVersion = 10.0.40219.1
Project("{9A19103F-16F7-4668-BE54-9A1E7A4F7556}") = "Log", "Log\Log.csproj", "{E98F8310-D253-4AA0-9D83-E6A7E52AABB6}"
EndProject
Project("{FAE04EC0-301F-11D3-BF4B-00C04F79EFBC}") = "ConsoleApp2", "ConsoleApp2\ConsoleApp2.csproj", "{43C4BA82-FF68-41EF-9B2B-5FF4E0303F5D}"
EndProject
Global
	GlobalSection(SolutionConfigurationPlatforms) = preSolution
		Debug|Any CPU = Debug|Any CPU
		Release|Any CPU = Release|Any CPU
	EndGlobalSection
	GlobalSection(ProjectConfigurationPlatforms) = postSolution
		{E98F8310-D253-4AA0-9D83-E6A7E52AABB6}.Debug|Any CPU.ActiveCfg = Release|Any CPU
		{E98F8310-D253-4AA0-9D83-E6A7E52AABB6}.Debug|Any CPU.Build.0 = Release|Any CPU
		{E98F8310-D253-4AA0-9D83-E6A7E52AABB6}.Release|Any CPU.ActiveCfg = Release|Any CPU
		{E98F8310-D253-4AA0-9D83-E6A7E52AABB6}.Release|Any CPU.Build.0 = Release|Any CPU
		{43C4BA82-FF68-41EF-9B2B-5FF4E0303F5D}.Debug|Any CPU.ActiveCfg = Debug|Any CPU
		{43C4BA82-FF68-41EF-9B2B-5FF4E0303F5D}.Debug|Any CPU.Build.0 = Debug|Any CPU
		{43C4BA82-FF68-41EF-9B2B-5FF4E0303F5D}.Release|Any CPU.ActiveCfg = Release|Any CPU
		{43C4BA82-FF68-41EF-9B2B-5FF4E0303F5D}.Release|Any CPU.Build.0 = Release|Any CPU
	EndGlobalSection
	GlobalSection(SolutionProperties) = preSolution
		HideSolutionNode = FALSE
	EndGlobalSection
	GlobalSection(ExtensibilityGlobals) = postSolution
		SolutionGuid = {15A0A1C6-4DE7-4419-A37D-D63BB787B399}
	EndGlobalSection
EndGlobal
